PODS:
  - Alamofire (4.5.0)
  - BCColor (0.2)
  - Differentiator (2.0.1)
  - ImageScout (1.0.0)
  - Kanna (2.2.1)
  - Kingfisher (3.12.2)
  - Moya (8.0.5):
    - Moya/Core (= 8.0.5)
  - Moya-ObjectMapper/Core (2.3.2):
    - Moya (~> 8.0)
    - ObjectMapper (~> 2.2)
  - Moya-ObjectMapper/RxSwift (2.3.2):
    - Moya-ObjectMapper/Core
    - Moya/RxSwift
    - RxSwift (~> 3.1)
  - Moya/Core (8.0.5):
    - Alamofire (~> 4.1)
    - Result (~> 3.0)
  - Moya/RxSwift (8.0.5):
    - Moya/Core
    - RxSwift (~> 3.0)
  - ObjectMapper (2.2.8)
  - R.swift (3.3.0):
    - R.swift.Library (~> 3.0.2)
  - R.swift.Library (3.0.2)
  - Result (3.2.3)
  - RxAlamofire/Core (3.0.3):
    - Alamofire (~> 4.0)
    - RxSwift (~> 3.0)
  - RxAlamofire/RxCocoa (3.0.3):
    - RxAlamofire/Core
    - RxCocoa (~> 3.0)
  - RxCocoa (3.6.1):
    - RxSwift (~> 3.6)
  - RxDataSources (2.0.1):
    - Differentiator (~> 2.0)
    - RxCocoa (~> 3.0)
    - RxSwift (~> 3.0)
  - RxSwift (3.6.1)
  - SnapKit (3.2.0)
  - SVProgressHUD (2.1.2)
  - XXNibBridge (2.3.1)

DEPENDENCIES:
  - BCColor
  - ImageScout
  - Kanna
  - Kingfisher
  - Moya
  - Moya-ObjectMapper/RxSwift
  - ObjectMapper
  - R.swift
  - RxAlamofire/RxCocoa
  - RxCocoa (~> 3.0)
  - RxDataSources
  - RxSwift (~> 3.0)
  - SnapKit
  - SVProgressHUD
  - XXNibBridge

SPEC CHECKSUMS:
  Alamofire: f28cdffd29de33a7bfa022cbd63ae95a27fae140
  BCColor: 2425540cb0da92795b81a1f15b5289a92279c9eb
  Differentiator: 8555f40f5df08beb9bcf225724af295b90e738cb
  ImageScout: c765b354226d4d025512f9ff3822918fbaf1e9a7
  Kanna: 182789ab065e8f9a6ccc2a74ce6283d3401c0c4a
  Kingfisher: 320626678acadfcf47008b3c6841cd882050737b
  Moya: c37eec09a098ba9991b5a963b291fc5704bdb9ef
  Moya-ObjectMapper: 1b05f10bb69fb6c8750d497d2974c1c63c08c3a9
  ObjectMapper: 3d571bb5af471c779e1160828cd9ad5c4ef90958
  R.swift: bde9704d50ff36820f49e266bc88ef545e1e9b36
  R.swift.Library: fbdec16c9802ad104fc1ba53415dc190e6ec5c73
  Result: 128640a6347e8d2ae48b142556739a2d13f90ce6
  RxAlamofire: 5eb39188c4917ad98127c0ecb4878a61b7517003
  RxCocoa: 84a08739ab186248c7f31ce4ee92d6f8a947d690
  RxDataSources: 93c805010d4f5970e5204829a182bcdceab5adb5
  RxSwift: f9de85ea20cd2f7716ee5409fc13523dc638e4e4
  SnapKit: 1ca44df72cfa543218d177cb8aab029d10d86ea7
  SVProgressHUD: c404a55d78acbeb7ebb78b76d3faf986475a6994
  XXNibBridge: addb780e6db076eb2c61716aa60b176a6799b80f

PODFILE CHECKSUM: 9eeb6b88214dc8033d4d71c5f747a76c92862259

COCOAPODS: 1.2.0
